
Microsoft Visual Studio Solution File, Format Version 12.00
# Visual Studio 15
VisualStudioVersion = 15.0.28307.779
MinimumVisualStudioVersion = 10.0.40219.1
Project("{FAE04EC0-301F-11D3-BF4B-00C04F79EFBC}") = "ConversorDeMoedas", "ConversorDeMoedas\ConversorDeMoedas.csproj", "{C3073632-AD6B-4482-B07C-7AF64F887AB8}"
EndProject
Global
	GlobalSection(SolutionConfigurationPlatforms) = preSolution
		Debug|Any CPU = Debug|Any CPU
		Release|Any CPU = Release|Any CPU
	EndGlobalSection
	GlobalSection(ProjectConfigurationPlatforms) = postSolution
		{C3073632-AD6B-4482-B07C-7AF64F887AB8}.Debug|Any CPU.ActiveCfg = Debug|Any CPU
		{C3073632-AD6B-4482-B07C-7AF64F887AB8}.Debug|Any CPU.Build.0 = Debug|Any CPU
		{C3073632-AD6B-4482-B07C-7AF64F887AB8}.Release|Any CPU.ActiveCfg = Release|Any CPU
		{C3073632-AD6B-4482-B07C-7AF64F887AB8}.Release|Any CPU.Build.0 = Release|Any CPU
	EndGlobalSection
	GlobalSection(SolutionProperties) = preSolution
		HideSolutionNode = FALSE
	EndGlobalSection
	GlobalSection(ExtensibilityGlobals) = postSolution
		SolutionGuid = {6E57B814-9912-4F74-A5EF-7F1C87EFD3FD}
	EndGlobalSection
EndGlobal
